
Microsoft Visual Studio Solution File, Format Version 12.00
# Visual Studio 15
VisualStudioVersion = 15.0.27130.2024
MinimumVisualStudioVersion = 10.0.40219.1
Project("{FAE04EC0-301F-11D3-BF4B-00C04F79EFBC}") = "EPAM.NET.Mentoring.01.Tests", "EPAM.NET.Mentoring.01.Tests\EPAM.NET.Mentoring.01.Tests.csproj", "{892E22C8-C93F-4FDB-9E16-69268A30056D}"
EndProject
Project("{FAE04EC0-301F-11D3-BF4B-00C04F79EFBC}") = "EPAM.NET.Mentoring.01.ModuleCollectionsAndGenerics.Task2", "EPAM.NET.Mentoring.01.ModuleCollectionsAndGenerics.Task2\EPAM.NET.Mentoring.01.ModuleCollectionsAndGenerics.Task2.csproj", "{84BBA368-1C18-46F2-B189-58029A62EA18}"
EndProject
Project("{FAE04EC0-301F-11D3-BF4B-00C04F79EFBC}") = "EPAM.NET.Mentoring.01.ModuleCollectionsAndGenerics.Task3", "EPAM.NET.Mentoring.01.ModuleCollectionsAndGenerics.Task3\EPAM.NET.Mentoring.01.ModuleCollectionsAndGenerics.Task3.csproj", "{4ECA8A95-602A-4289-8A14-7D46D9C4DB43}"
EndProject
Project("{FAE04EC0-301F-11D3-BF4B-00C04F79EFBC}") = "EPAM.NET.Mentoring.01.ModuleMethods", "EPAM.NET.Mentoring.01.ModuleMethods\EPAM.NET.Mentoring.01.ModuleMethods.csproj", "{164D7002-2536-41D5-813A-1C6B79D6E90A}"
EndProject
Global
	GlobalSection(SolutionConfigurationPlatforms) = preSolution
		Debug|Any CPU = Debug|Any CPU
		Release|Any CPU = Release|Any CPU
	EndGlobalSection
	GlobalSection(ProjectConfigurationPlatforms) = postSolution
		{892E22C8-C93F-4FDB-9E16-69268A30056D}.Debug|Any CPU.ActiveCfg = Debug|Any CPU
		{892E22C8-C93F-4FDB-9E16-69268A30056D}.Debug|Any CPU.Build.0 = Debug|Any CPU
		{892E22C8-C93F-4FDB-9E16-69268A30056D}.Release|Any CPU.ActiveCfg = Release|Any CPU
		{892E22C8-C93F-4FDB-9E16-69268A30056D}.Release|Any CPU.Build.0 = Release|Any CPU
		{84BBA368-1C18-46F2-B189-58029A62EA18}.Debug|Any CPU.ActiveCfg = Debug|Any CPU
		{84BBA368-1C18-46F2-B189-58029A62EA18}.Debug|Any CPU.Build.0 = Debug|Any CPU
		{84BBA368-1C18-46F2-B189-58029A62EA18}.Release|Any CPU.ActiveCfg = Release|Any CPU
		{84BBA368-1C18-46F2-B189-58029A62EA18}.Release|Any CPU.Build.0 = Release|Any CPU
		{4ECA8A95-602A-4289-8A14-7D46D9C4DB43}.Debug|Any CPU.ActiveCfg = Debug|Any CPU
		{4ECA8A95-602A-4289-8A14-7D46D9C4DB43}.Debug|Any CPU.Build.0 = Debug|Any CPU
		{4ECA8A95-602A-4289-8A14-7D46D9C4DB43}.Release|Any CPU.ActiveCfg = Release|Any CPU
		{4ECA8A95-602A-4289-8A14-7D46D9C4DB43}.Release|Any CPU.Build.0 = Release|Any CPU
		{164D7002-2536-41D5-813A-1C6B79D6E90A}.Debug|Any CPU.ActiveCfg = Debug|Any CPU
		{164D7002-2536-41D5-813A-1C6B79D6E90A}.Debug|Any CPU.Build.0 = Debug|Any CPU
		{164D7002-2536-41D5-813A-1C6B79D6E90A}.Release|Any CPU.ActiveCfg = Release|Any CPU
		{164D7002-2536-41D5-813A-1C6B79D6E90A}.Release|Any CPU.Build.0 = Release|Any CPU
	EndGlobalSection
	GlobalSection(SolutionProperties) = preSolution
		HideSolutionNode = FALSE
	EndGlobalSection
	GlobalSection(ExtensibilityGlobals) = postSolution
		SolutionGuid = {602B2F90-96F2-4A89-8CF9-60A7EF262E28}
	EndGlobalSection
EndGlobal
